
Microsoft Visual Studio Solution File, Format Version 12.00
# Visual Studio 15
VisualStudioVersion = 15.0.28010.2046
MinimumVisualStudioVersion = 10.0.40219.1
Project("{FAE04EC0-301F-11D3-BF4B-00C04F79EFBC}") = "Introduction", "Introduction\Introduction.csproj", "{79D5D09D-9B6E-4B05-95C1-2C91A2FC3F80}"
EndProject
Project("{FAE04EC0-301F-11D3-BF4B-00C04F79EFBC}") = "GenericBasics", "GenericBasics\GenericBasics.csproj", "{20209779-4F10-422C-A0BE-0E68FF234FC9}"
EndProject
Project("{FAE04EC0-301F-11D3-BF4B-00C04F79EFBC}") = "GenericBasicsTests", "GenericBasicsTests\GenericBasicsTests.csproj", "{A5F4FF79-CD4D-44C4-A7DE-6E1F5C829EA2}"
EndProject
Project("{FAE04EC0-301F-11D3-BF4B-00C04F79EFBC}") = "LinkedList", "LinkedList\LinkedList.csproj", "{7EEDEFA3-6A34-430C-AA8F-566CA6B67448}"
EndProject
Project("{FAE04EC0-301F-11D3-BF4B-00C04F79EFBC}") = "Framework", "Framework\Framework.csproj", "{70B5ABE4-B35D-45A5-BD2F-BD90648419C8}"
EndProject
Project("{FAE04EC0-301F-11D3-BF4B-00C04F79EFBC}") = "Constraints", "Constraints\Constraints.csproj", "{AB28F4E0-6A98-4D2A-91CD-BAEC5D3ACB7F}"
EndProject
Project("{FAE04EC0-301F-11D3-BF4B-00C04F79EFBC}") = "ConstraintsTests", "ConstraintsTests\ConstraintsTests.csproj", "{9375E9B0-9E70-45B4-9E06-A5F725B55CA9}"
EndProject
Global
	GlobalSection(SolutionConfigurationPlatforms) = preSolution
		Debug|Any CPU = Debug|Any CPU
		Release|Any CPU = Release|Any CPU
	EndGlobalSection
	GlobalSection(ProjectConfigurationPlatforms) = postSolution
		{79D5D09D-9B6E-4B05-95C1-2C91A2FC3F80}.Debug|Any CPU.ActiveCfg = Debug|Any CPU
		{79D5D09D-9B6E-4B05-95C1-2C91A2FC3F80}.Debug|Any CPU.Build.0 = Debug|Any CPU
		{79D5D09D-9B6E-4B05-95C1-2C91A2FC3F80}.Release|Any CPU.ActiveCfg = Release|Any CPU
		{79D5D09D-9B6E-4B05-95C1-2C91A2FC3F80}.Release|Any CPU.Build.0 = Release|Any CPU
		{20209779-4F10-422C-A0BE-0E68FF234FC9}.Debug|Any CPU.ActiveCfg = Debug|Any CPU
		{20209779-4F10-422C-A0BE-0E68FF234FC9}.Debug|Any CPU.Build.0 = Debug|Any CPU
		{20209779-4F10-422C-A0BE-0E68FF234FC9}.Release|Any CPU.ActiveCfg = Release|Any CPU
		{20209779-4F10-422C-A0BE-0E68FF234FC9}.Release|Any CPU.Build.0 = Release|Any CPU
		{A5F4FF79-CD4D-44C4-A7DE-6E1F5C829EA2}.Debug|Any CPU.ActiveCfg = Debug|Any CPU
		{A5F4FF79-CD4D-44C4-A7DE-6E1F5C829EA2}.Debug|Any CPU.Build.0 = Debug|Any CPU
		{A5F4FF79-CD4D-44C4-A7DE-6E1F5C829EA2}.Release|Any CPU.ActiveCfg = Release|Any CPU
		{A5F4FF79-CD4D-44C4-A7DE-6E1F5C829EA2}.Release|Any CPU.Build.0 = Release|Any CPU
		{7EEDEFA3-6A34-430C-AA8F-566CA6B67448}.Debug|Any CPU.ActiveCfg = Debug|Any CPU
		{7EEDEFA3-6A34-430C-AA8F-566CA6B67448}.Debug|Any CPU.Build.0 = Debug|Any CPU
		{7EEDEFA3-6A34-430C-AA8F-566CA6B67448}.Release|Any CPU.ActiveCfg = Release|Any CPU
		{7EEDEFA3-6A34-430C-AA8F-566CA6B67448}.Release|Any CPU.Build.0 = Release|Any CPU
		{70B5ABE4-B35D-45A5-BD2F-BD90648419C8}.Debug|Any CPU.ActiveCfg = Debug|Any CPU
		{70B5ABE4-B35D-45A5-BD2F-BD90648419C8}.Debug|Any CPU.Build.0 = Debug|Any CPU
		{70B5ABE4-B35D-45A5-BD2F-BD90648419C8}.Release|Any CPU.ActiveCfg = Release|Any CPU
		{70B5ABE4-B35D-45A5-BD2F-BD90648419C8}.Release|Any CPU.Build.0 = Release|Any CPU
		{AB28F4E0-6A98-4D2A-91CD-BAEC5D3ACB7F}.Debug|Any CPU.ActiveCfg = Debug|Any CPU
		{AB28F4E0-6A98-4D2A-91CD-BAEC5D3ACB7F}.Debug|Any CPU.Build.0 = Debug|Any CPU
		{AB28F4E0-6A98-4D2A-91CD-BAEC5D3ACB7F}.Release|Any CPU.ActiveCfg = Release|Any CPU
		{AB28F4E0-6A98-4D2A-91CD-BAEC5D3ACB7F}.Release|Any CPU.Build.0 = Release|Any CPU
		{9375E9B0-9E70-45B4-9E06-A5F725B55CA9}.Debug|Any CPU.ActiveCfg = Debug|Any CPU
		{9375E9B0-9E70-45B4-9E06-A5F725B55CA9}.Debug|Any CPU.Build.0 = Debug|Any CPU
		{9375E9B0-9E70-45B4-9E06-A5F725B55CA9}.Release|Any CPU.ActiveCfg = Release|Any CPU
		{9375E9B0-9E70-45B4-9E06-A5F725B55CA9}.Release|Any CPU.Build.0 = Release|Any CPU
	EndGlobalSection
	GlobalSection(SolutionProperties) = preSolution
		HideSolutionNode = FALSE
	EndGlobalSection
	GlobalSection(ExtensibilityGlobals) = postSolution
		SolutionGuid = {5F3B0383-1F46-4FD0-AEAF-3E7CFBF001D0}
	EndGlobalSection
EndGlobal
